
Microsoft Visual Studio Solution File, Format Version 12.00
# Visual Studio 15
VisualStudioVersion = 15.0.25807.0
MinimumVisualStudioVersion = 10.0.40219.1
Project("{2150E333-8FDC-42A3-9474-1A3956D46DE8}") = "Engine", "Engine", "{6328022E-FFD4-457F-AE96-54FCCF657B97}"
EndProject
Project("{2150E333-8FDC-42A3-9474-1A3956D46DE8}") = "Games", "Games", "{2093FB34-800A-4485-A246-419DC5EAADA0}"
EndProject
Project("{8BC9CEB8-8B4A-11D0-8D11-00A0C91BC942}") = "UE4", "Intermediate\ProjectFiles\UE4.vcxproj", "{D5391349-D225-4461-9ABA-3C787E917BD1}"
EndProject
Project("{8BC9CEB8-8B4A-11D0-8D11-00A0C91BC942}") = "VaQuole", "Intermediate\ProjectFiles\VaQuole.vcxproj", "{2229DC0A-4D1C-474D-9FAE-71947ED54707}"
EndProject
Project("{2150E333-8FDC-42A3-9474-1A3956D46DE8}") = "Visualizers", "Visualizers", "{73009F48-2B62-43E0-84E8-EE491966E1FB}"
	ProjectSection(SolutionItems) = preProject
		..\UE_4.24\Engine\Extras\VisualStudioDebugging\UE4.natvis = ..\UE_4.24\Engine\Extras\VisualStudioDebugging\UE4.natvis
	EndProjectSection
EndProject
Global
	GlobalSection(SolutionConfigurationPlatforms) = preSolution
		DebugGame Editor|Win32 = DebugGame Editor|Win32
		DebugGame Editor|Win64 = DebugGame Editor|Win64
		DebugGame|Win32 = DebugGame|Win32
		DebugGame|Win64 = DebugGame|Win64
		Development Editor|Win32 = Development Editor|Win32
		Development Editor|Win64 = Development Editor|Win64
		Development|Win32 = Development|Win32
		Development|Win64 = Development|Win64
		Shipping|Win32 = Shipping|Win32
		Shipping|Win64 = Shipping|Win64
	EndGlobalSection
	GlobalSection(ProjectConfigurationPlatforms) = postSolution
		{D5391349-D225-4461-9ABA-3C787E917BD1}.DebugGame Editor|Win32.ActiveCfg = BuiltWithUnrealBuildTool|Win32
		{D5391349-D225-4461-9ABA-3C787E917BD1}.DebugGame Editor|Win64.ActiveCfg = BuiltWithUnrealBuildTool|Win32
		{D5391349-D225-4461-9ABA-3C787E917BD1}.DebugGame|Win32.ActiveCfg = BuiltWithUnrealBuildTool|Win32
		{D5391349-D225-4461-9ABA-3C787E917BD1}.DebugGame|Win64.ActiveCfg = BuiltWithUnrealBuildTool|Win32
		{D5391349-D225-4461-9ABA-3C787E917BD1}.Development Editor|Win32.ActiveCfg = BuiltWithUnrealBuildTool|Win32
		{D5391349-D225-4461-9ABA-3C787E917BD1}.Development Editor|Win64.ActiveCfg = BuiltWithUnrealBuildTool|Win32
		{D5391349-D225-4461-9ABA-3C787E917BD1}.Development|Win32.ActiveCfg = BuiltWithUnrealBuildTool|Win32
		{D5391349-D225-4461-9ABA-3C787E917BD1}.Development|Win64.ActiveCfg = BuiltWithUnrealBuildTool|Win32
		{D5391349-D225-4461-9ABA-3C787E917BD1}.Shipping|Win32.ActiveCfg = BuiltWithUnrealBuildTool|Win32
		{D5391349-D225-4461-9ABA-3C787E917BD1}.Shipping|Win64.ActiveCfg = BuiltWithUnrealBuildTool|Win32
		{2229DC0A-4D1C-474D-9FAE-71947ED54707}.DebugGame Editor|Win32.ActiveCfg = Invalid|Win32
		{2229DC0A-4D1C-474D-9FAE-71947ED54707}.DebugGame Editor|Win64.ActiveCfg = DebugGame_Editor|x64
		{2229DC0A-4D1C-474D-9FAE-71947ED54707}.DebugGame Editor|Win64.Build.0 = DebugGame_Editor|x64
		{2229DC0A-4D1C-474D-9FAE-71947ED54707}.DebugGame|Win32.ActiveCfg = DebugGame|Win32
		{2229DC0A-4D1C-474D-9FAE-71947ED54707}.DebugGame|Win32.Build.0 = DebugGame|Win32
		{2229DC0A-4D1C-474D-9FAE-71947ED54707}.DebugGame|Win64.ActiveCfg = DebugGame|x64
		{2229DC0A-4D1C-474D-9FAE-71947ED54707}.DebugGame|Win64.Build.0 = DebugGame|x64
		{2229DC0A-4D1C-474D-9FAE-71947ED54707}.Development Editor|Win32.ActiveCfg = Invalid|Win32
		{2229DC0A-4D1C-474D-9FAE-71947ED54707}.Development Editor|Win64.ActiveCfg = Development_Editor|x64
		{2229DC0A-4D1C-474D-9FAE-71947ED54707}.Development Editor|Win64.Build.0 = Development_Editor|x64
		{2229DC0A-4D1C-474D-9FAE-71947ED54707}.Development|Win32.ActiveCfg = Development|Win32
		{2229DC0A-4D1C-474D-9FAE-71947ED54707}.Development|Win32.Build.0 = Development|Win32
		{2229DC0A-4D1C-474D-9FAE-71947ED54707}.Development|Win64.ActiveCfg = Development|x64
		{2229DC0A-4D1C-474D-9FAE-71947ED54707}.Development|Win64.Build.0 = Development|x64
		{2229DC0A-4D1C-474D-9FAE-71947ED54707}.Shipping|Win32.ActiveCfg = Shipping|Win32
		{2229DC0A-4D1C-474D-9FAE-71947ED54707}.Shipping|Win32.Build.0 = Shipping|Win32
		{2229DC0A-4D1C-474D-9FAE-71947ED54707}.Shipping|Win64.ActiveCfg = Shipping|x64
		{2229DC0A-4D1C-474D-9FAE-71947ED54707}.Shipping|Win64.Build.0 = Shipping|x64
	EndGlobalSection
	GlobalSection(SolutionProperties) = preSolution
		HideSolutionNode = FALSE
	EndGlobalSection
	GlobalSection(NestedProjects) = preSolution
		{D5391349-D225-4461-9ABA-3C787E917BD1} = {6328022E-FFD4-457F-AE96-54FCCF657B97}
		{2229DC0A-4D1C-474D-9FAE-71947ED54707} = {2093FB34-800A-4485-A246-419DC5EAADA0}
	EndGlobalSection
EndGlobal
